
Microsoft Visual Studio Solution File, Format Version 12.00
# Visual Studio Version 17
VisualStudioVersion = 17.7.34031.279
MinimumVisualStudioVersion = 10.0.40219.1
Project("{9A19103F-16F7-4668-BE54-9A1E7A4F7556}") = "MainMenu", "MainMenu\MainMenu.csproj", "{F9A455AD-C4CB-467B-B47A-230F05AB9223}"
EndProject
Project("{FAE04EC0-301F-11D3-BF4B-00C04F79EFBC}") = "EntityCL", "EntityCL\EntityCL.csproj", "{CDEE5900-35B6-4408-8BD7-B059173FF3EF}"
EndProject
Project("{FAE04EC0-301F-11D3-BF4B-00C04F79EFBC}") = "ItemCL", "ItemCL\ItemCL.csproj", "{5C64C9D4-98A7-4377-81EF-1D76AF09BE81}"
EndProject
Global
	GlobalSection(SolutionConfigurationPlatforms) = preSolution
		Debug|Any CPU = Debug|Any CPU
		Release|Any CPU = Release|Any CPU
	EndGlobalSection
	GlobalSection(ProjectConfigurationPlatforms) = postSolution
		{F9A455AD-C4CB-467B-B47A-230F05AB9223}.Debug|Any CPU.ActiveCfg = Debug|Any CPU
		{F9A455AD-C4CB-467B-B47A-230F05AB9223}.Debug|Any CPU.Build.0 = Debug|Any CPU
		{F9A455AD-C4CB-467B-B47A-230F05AB9223}.Release|Any CPU.ActiveCfg = Release|Any CPU
		{F9A455AD-C4CB-467B-B47A-230F05AB9223}.Release|Any CPU.Build.0 = Release|Any CPU
		{CDEE5900-35B6-4408-8BD7-B059173FF3EF}.Debug|Any CPU.ActiveCfg = Debug|Any CPU
		{CDEE5900-35B6-4408-8BD7-B059173FF3EF}.Debug|Any CPU.Build.0 = Debug|Any CPU
		{CDEE5900-35B6-4408-8BD7-B059173FF3EF}.Release|Any CPU.ActiveCfg = Release|Any CPU
		{CDEE5900-35B6-4408-8BD7-B059173FF3EF}.Release|Any CPU.Build.0 = Release|Any CPU
		{5C64C9D4-98A7-4377-81EF-1D76AF09BE81}.Debug|Any CPU.ActiveCfg = Debug|Any CPU
		{5C64C9D4-98A7-4377-81EF-1D76AF09BE81}.Debug|Any CPU.Build.0 = Debug|Any CPU
		{5C64C9D4-98A7-4377-81EF-1D76AF09BE81}.Release|Any CPU.ActiveCfg = Release|Any CPU
		{5C64C9D4-98A7-4377-81EF-1D76AF09BE81}.Release|Any CPU.Build.0 = Release|Any CPU
	EndGlobalSection
	GlobalSection(SolutionProperties) = preSolution
		HideSolutionNode = FALSE
	EndGlobalSection
	GlobalSection(ExtensibilityGlobals) = postSolution
		SolutionGuid = {9DC03D3A-7CA2-46A7-9833-86D5379C7B23}
	EndGlobalSection
EndGlobal
